{
    "_readme": [
        "This file locks the dependencies of your project to a known state",
        "Read more about it at https://getcomposer.org/doc/01-basic-usage.md#composer-lock-the-lock-file",
        "This file is @generated automatically"
    ],
    "hash": "7603d358667d2783bb34e968e6c09f39",
    "packages": [
        {
            "name": "pagseguro/php",
            "version": "2.5.0",
            "source": {
                "type": "git",
                "url": "https://github.com/pagseguro/php.git",
                "reference": "acca8005b5b7dc8ff51c01db6da5e669948ac0a5"
            },
            "dist": {
                "type": "zip",
                "url": "https://api.github.com/repos/pagseguro/php/zipball/acca8005b5b7dc8ff51c01db6da5e669948ac0a5",
                "reference": "acca8005b5b7dc8ff51c01db6da5e669948ac0a5",
                "shasum": ""
            },
            "require": {
                "ext-curl": "*",
                "lib-curl": "*",
                "lib-libxml": "*",
                "lib-openssl": "*",
                "php": ">=5.3.3"
            },
            "type": "library",
            "autoload": {
                "classmap": [
                    "source/PagSeguroLibrary"
                ]
            },
            "notification-url": "https://packagist.org/downloads/",
            "license": [
                "Apache License 2.0"
            ],
            "description": "Biblioteca de integração com o PagSeguro",
            "time": "2015-04-29 18:18:43"
        },
        {
            "name": "symfony/var-dumper",
            "version": "v2.7.3",
            "source": {
                "type": "git",
                "url": "https://github.com/symfony/var-dumper.git",
                "reference": "e8903ebba5eb019f5886ffce739ea9e3b7519579"
            },
            "dist": {
                "type": "zip",
                "url": "https://api.github.com/repos/symfony/var-dumper/zipball/e8903ebba5eb019f5886ffce739ea9e3b7519579",
                "reference": "e8903ebba5eb019f5886ffce739ea9e3b7519579",
                "shasum": ""
            },
            "require": {
                "php": ">=5.3.9"
            },
            "require-dev": {
                "symfony/phpunit-bridge": "~2.7"
            },
            "suggest": {
                "ext-symfony_debug": ""
            },
            "type": "library",
            "extra": {
                "branch-alias": {
                    "dev-master": "2.7-dev"
                }
            },
            "autoload": {
                "files": [
                    "Resources/functions/dump.php"
                ],
                "psr-4": {
                    "Symfony\\Component\\VarDumper\\": ""
                }
            },
            "notification-url": "https://packagist.org/downloads/",
            "license": [
                "MIT"
            ],
            "authors": [
                {
                    "name": "Nicolas Grekas",
                    "email": "p@tchwork.com"
                },
                {
                    "name": "Symfony Community",
                    "homepage": "https://symfony.com/contributors"
                }
            ],
            "description": "Symfony mechanism for exploring and dumping PHP variables",
            "homepage": "https://symfony.com",
            "keywords": [
                "debug",
                "dump"
            ],
            "time": "2015-07-28 15:18:12"
        }
    ],
    "packages-dev": [],
    "aliases": [],
    "minimum-stability": "stable",
    "stability-flags": [],
    "prefer-stable": false,
    "prefer-lowest": false,
    "platform": [],
    "platform-dev": []
}
